
Microsoft Visual Studio Solution File, Format Version 12.00
# Visual Studio Version 17
VisualStudioVersion = 17.11.35312.102
MinimumVisualStudioVersion = 10.0.40219.1
Project("{9A19103F-16F7-4668-BE54-9A1E7A4F7556}") = "CanliDers1_CSharpTemelleri", "CanliDers1_CSharpTemelleri\CanliDers1_CSharpTemelleri.csproj", "{723EA2A5-18B1-4817-9EFE-956CE473147A}"
EndProject
Project("{2150E333-8FDC-42A3-9474-1A3956D46DE8}") = "Solution Items", "Solution Items", "{D07F8B37-A216-4B8B-BC9D-34C657C87692}"
	ProjectSection(SolutionItems) = preProject
		README.md = README.md
	EndProjectSection
EndProject
Project("{9A19103F-16F7-4668-BE54-9A1E7A4F7556}") = "Week1_Pratik_Degiskenler", "Pratik_Degiskenler\Week1_Pratik_Degiskenler.csproj", "{AED63352-C161-430A-8189-535BA6BCFACF}"
EndProject
Project("{9A19103F-16F7-4668-BE54-9A1E7A4F7556}") = "Week1_Pratik_If_Else", "Pratik_If_Else\Week1_Pratik_If_Else.csproj", "{83F2E717-2E82-4EC7-9F56-322E845D900C}"
EndProject
Project("{9A19103F-16F7-4668-BE54-9A1E7A4F7556}") = "Week1_First_Practice", "Week1_First_Practice\Week1_First_Practice.csproj", "{7790EF93-81AF-4732-AAC0-D37AC7186A50}"
EndProject
Project("{FAE04EC0-301F-11D3-BF4B-00C04F79EFBC}") = "Week1_Practise_IfElse&SwitchCase", "Practise_IfElse&SwitchCase\Week1_Practise_IfElse&SwitchCase.csproj", "{568C2247-B74C-4AFF-AD7C-96BF05952B0A}"
EndProject
Project("{9A19103F-16F7-4668-BE54-9A1E7A4F7556}") = "Week1_KimMilyonerOlmakIster", "Week1_KimMilyonerOlmakIster\Week1_KimMilyonerOlmakIster.csproj", "{2F650C1F-530C-4E0C-9E5A-B17483B6A75A}"
EndProject
Project("{9A19103F-16F7-4668-BE54-9A1E7A4F7556}") = "Week2_Practise_For", "Week2_Practise_For\Week2_Practise_For.csproj", "{7F376A73-8B03-498E-A688-7139A4A134F2}"
EndProject
Project("{9A19103F-16F7-4668-BE54-9A1E7A4F7556}") = "Week2_While_Exercise", "Week2_While_Exercise\Week2_While_Exercise.csproj", "{77601414-6F3B-4F50-BD34-F57A568F2AC2}"
EndProject
Project("{9A19103F-16F7-4668-BE54-9A1E7A4F7556}") = "Week2_Practice_While", "Week2_Practice_While\Week2_Practice_While.csproj", "{1FEFF475-F7A6-49D1-BC14-2D934300C938}"
EndProject
Project("{9A19103F-16F7-4668-BE54-9A1E7A4F7556}") = "ZarAt", "ZarAt\ZarAt.csproj", "{2BAAE5B3-1237-4A7F-9D0B-B9E696CC8B6F}"
EndProject
Project("{9A19103F-16F7-4668-BE54-9A1E7A4F7556}") = "BirdenOnaGoTo", "BirdenOnaGoTo\BirdenOnaGoTo.csproj", "{1685939B-6644-4602-8288-308773867FBE}"
EndProject
Project("{9A19103F-16F7-4668-BE54-9A1E7A4F7556}") = "BirdenOnaWhile", "BirdenOnaWhile\BirdenOnaWhile.csproj", "{E4956886-BF09-4626-9D65-F5D7E6669E20}"
EndProject
Project("{9A19103F-16F7-4668-BE54-9A1E7A4F7556}") = "BirdenOnaFor", "BirdenOnaFor\BirdenOnaFor.csproj", "{5EFD4FAE-810D-4EF4-BB4D-E1E6C6523CA9}"
EndProject
Project("{9A19103F-16F7-4668-BE54-9A1E7A4F7556}") = "YildizUcgenIcIceFor", "YildizUcgenIcIceFor\YildizUcgenIcIceFor.csproj", "{65CE9151-4A75-45E3-AD6D-322AA944461A}"
EndProject
Project("{9A19103F-16F7-4668-BE54-9A1E7A4F7556}") = "BirbirineKavusanSayılar", "BirbirineKavusanSayılar\BirbirineKavusanSayılar.csproj", "{36991F77-77A1-4767-BA1F-28C85E37E33A}"
EndProject
Project("{9A19103F-16F7-4668-BE54-9A1E7A4F7556}") = "Quiz", "Quiz\Quiz.csproj", "{9864CCC9-A571-4E42-BE4D-CAC49864F73C}"
EndProject
Project("{9A19103F-16F7-4668-BE54-9A1E7A4F7556}") = "Week2_Practice_While&DoWhile", "Week2_Practice_While&DoWhile\Week2_Practice_While&DoWhile.csproj", "{8A0BE9E2-28A1-439F-896F-67D2FEA76847}"
EndProject
Project("{9A19103F-16F7-4668-BE54-9A1E7A4F7556}") = "Week2_Practice_YolArkadası_TatilUygulaması", "Week2_Practice_YolArkadası_TatilUygulaması\Week2_Practice_YolArkadası_TatilUygulaması.csproj", "{A0E1B5A6-E252-4CB5-A491-D506A07F9CF1}"
EndProject
Project("{9A19103F-16F7-4668-BE54-9A1E7A4F7556}") = "Week2_Practice_YolArkadasim2", "Week2_Pratik_YolArkadasim2\Week2_Practice_YolArkadasim2.csproj", "{8570AEEB-240E-4001-A3E2-70B3637B34BD}"
EndProject
Project("{9A19103F-16F7-4668-BE54-9A1E7A4F7556}") = "Week2_Practice_IlkMetot", "Week2_Practice_IlkMetot\Week2_Practice_IlkMetot.csproj", "{D7AE93C3-150F-4C97-B1B3-5174C5A2B6FF}"
EndProject
Project("{2150E333-8FDC-42A3-9474-1A3956D46DE8}") = "Week1", "Week1", "{85B35BDB-41C3-48CD-A5D7-E25D3203C85C}"
EndProject
Project("{2150E333-8FDC-42A3-9474-1A3956D46DE8}") = "Week2", "Week2", "{C8F3587F-DD50-44BC-9F78-36011E52C829}"
EndProject
Project("{9A19103F-16F7-4668-BE54-9A1E7A4F7556}") = "Week2_Out", "Week2_Out\Week2_Out.csproj", "{EEF8F039-6BC3-4D6B-925E-F885BEEBAA01}"
EndProject
Project("{9A19103F-16F7-4668-BE54-9A1E7A4F7556}") = "Week2_Ref", "Week2_Ref\Week2_Ref.csproj", "{52CD2CE9-A939-4634-A389-6629A7DC3D2F}"
EndProject
Project("{9A19103F-16F7-4668-BE54-9A1E7A4F7556}") = "Week2_In", "Week2_In\Week2_In.csproj", "{C964AEBE-ADEF-4C0C-B204-D4119017EB30}"
EndProject
Project("{9A19103F-16F7-4668-BE54-9A1E7A4F7556}") = "Week2_Kapanis", "Week2_Kapanis\Week2_Kapanis.csproj", "{0C7B5384-7763-4B57-90F6-4BE271DC341F}"
EndProject
Project("{2150E333-8FDC-42A3-9474-1A3956D46DE8}") = "Week4", "Week4", "{3DD7598F-1964-4A33-9920-B88B9C10445E}"
EndProject
Project("{2150E333-8FDC-42A3-9474-1A3956D46DE8}") = "OOP_Encapsulation", "OOP_Encapsulation", "{A9CE4D9A-DD7A-41A7-AE3D-CE977F36D758}"
EndProject
Project("{9A19103F-16F7-4668-BE54-9A1E7A4F7556}") = "OOP_Encapsulation", "OOP_Encapsulation\OOP_Encapsulation.csproj", "{460DD416-94B1-4396-8F82-55EB449CD87B}"
EndProject
Project("{9A19103F-16F7-4668-BE54-9A1E7A4F7556}") = "Practice_Constructor", "Practice_Constructor\Practice_Constructor.csproj", "{0E78130F-0672-47DD-B006-896873ED8B91}"
EndProject
Project("{9A19103F-16F7-4668-BE54-9A1E7A4F7556}") = "Week4_Practise_Patika_Kutuphane", "Week4_Practise_Patika_Kutuphane\Week4_Practise_Patika_Kutuphane.csproj", "{B4BE0F40-7639-478E-9ED7-00417200A8FB}"
EndProject
Project("{9A19103F-16F7-4668-BE54-9A1E7A4F7556}") = "Week4_Practice_Encapsulation", "Week4_Practice_Encapsulation\Week4_Practice_Encapsulation.csproj", "{406617B7-6B31-42F6-8E55-1F999FEC7874}"
EndProject
Project("{9A19103F-16F7-4668-BE54-9A1E7A4F7556}") = "Week4_Inheritance", "Week4_Inheritance\Week4_Inheritance.csproj", "{2CA87652-13A9-428A-8031-4599222BFC23}"
EndProject
Project("{9A19103F-16F7-4668-BE54-9A1E7A4F7556}") = "Week4_Polymorphism", "Week4_Polymorphism\Week4_Polymorphism.csproj", "{BA246DAA-4982-425D-AE1E-86C377C75DAF}"
EndProject
Project("{9A19103F-16F7-4668-BE54-9A1E7A4F7556}") = "Week4_Abstraction1", "Week4_Abstraction1\Week4_Abstraction1.csproj", "{A7F97B5D-9398-4127-97B7-FF01A8FF975D}"
EndProject
Project("{2150E333-8FDC-42A3-9474-1A3956D46DE8}") = "Game", "Game", "{D655B804-FCFE-4BB5-883F-124007746910}"
EndProject
Project("{9A19103F-16F7-4668-BE54-9A1E7A4F7556}") = "ZindanMaceracisi", "ZindanMaceracisi\ZindanMaceracisi.csproj", "{0C485603-B951-4B91-8959-5B64FB821CCE}"
EndProject
Project("{2150E333-8FDC-42A3-9474-1A3956D46DE8}") = "Week3", "Week3", "{C3F36CB0-00FD-4BA2-93B3-2E55C158CCAD}"
EndProject
Project("{9A19103F-16F7-4668-BE54-9A1E7A4F7556}") = "RercursionFaktöriyel", "RercursionFaktöriyel\RercursionFaktöriyel.csproj", "{BAED7484-C9C1-40BA-8505-1AECC811D82B}"
EndProject
Project("{9A19103F-16F7-4668-BE54-9A1E7A4F7556}") = "RecursionSonsuz", "RecursionSonsuz\RecursionSonsuz.csproj", "{38AAFEA0-4D66-41D8-B884-79BCA4EADBD3}"
EndProject
Project("{9A19103F-16F7-4668-BE54-9A1E7A4F7556}") = "SayilarToplamRecursion", "SayilarToplamRecursion\SayilarToplamRecursion.csproj", "{9B6E2AE9-77C6-436D-82B1-8382C6B6E445}"
EndProject
Project("{9A19103F-16F7-4668-BE54-9A1E7A4F7556}") = "RecursionTersi", "RecursionTersi\RecursionTersi.csproj", "{D6F13C1F-30B0-4FE5-8416-5417D12E9C11}"
EndProject
Project("{9A19103F-16F7-4668-BE54-9A1E7A4F7556}") = "AsalMi", "AsalMi\AsalMi.csproj", "{AEE09613-B5FD-4369-B681-FE72E38DE685}"
EndProject
Project("{9A19103F-16F7-4668-BE54-9A1E7A4F7556}") = "KaresiKubunuHesapla", "KaresiKubunuHesapla\KaresiKubunuHesapla.csproj", "{1A442F17-2D86-485B-914A-902EE5A65166}"
EndProject
Project("{9A19103F-16F7-4668-BE54-9A1E7A4F7556}") = "ArtikYil", "IkiSayiArasiSayilariYazdir\ArtikYil.csproj", "{10908811-998F-4851-A546-D7F064DE2744}"
EndProject
Project("{9A19103F-16F7-4668-BE54-9A1E7A4F7556}") = "EnCokTekrarEdenKarakteriBul", "EnCokTekrarEdenKarakteriBul\EnCokTekrarEdenKarakteriBul.csproj", "{605F3D5C-1152-48E0-9DD7-4CC7C4972CD2}"
EndProject
Project("{2150E333-8FDC-42A3-9474-1A3956D46DE8}") = "Kapanis", "Kapanis", "{1272D7C2-9461-46C8-B649-EA80F28A0FC0}"
EndProject
Project("{9A19103F-16F7-4668-BE54-9A1E7A4F7556}") = "Techno", "Techno\Techno.csproj", "{45468178-974B-429B-80D6-199FF2FDAF20}"
EndProject
Project("{9A19103F-16F7-4668-BE54-9A1E7A4F7556}") = "ConsoleApp2", "ConsoleApp2\ConsoleApp2.csproj", "{D060BB40-F3E6-4119-8682-CABEB2895B21}"
EndProject
Project("{9A19103F-16F7-4668-BE54-9A1E7A4F7556}") = "BizimSirket", "BizimSirket\BizimSirket.csproj", "{78023D09-E8FF-467B-8BE7-000024BB46FE}"
EndProject
Project("{9A19103F-16F7-4668-BE54-9A1E7A4F7556}") = "SekillerDunyasi", "SekillerDunyasi\SekillerDunyasi.csproj", "{CED24FDF-D94E-4464-A839-7129BC257800}"
EndProject
Project("{2150E333-8FDC-42A3-9474-1A3956D46DE8}") = "Week5", "Week5", "{0D81C9B7-30A8-4403-974C-00E8EE4E8309}"
EndProject
Project("{9A19103F-16F7-4668-BE54-9A1E7A4F7556}") = "Array", "Array\Array.csproj", "{980C16FC-6740-4F0C-AE3A-0089471A53B4}"
EndProject
Project("{9A19103F-16F7-4668-BE54-9A1E7A4F7556}") = "List", "List\List.csproj", "{AC532F50-79FC-495F-993B-B428172E0429}"
EndProject
Project("{9A19103F-16F7-4668-BE54-9A1E7A4F7556}") = "List2", "List2\List2.csproj", "{6AF014D6-0E18-4537-B284-17132A3F2AFC}"
EndProject
Project("{9A19103F-16F7-4668-BE54-9A1E7A4F7556}") = "IMDBList", "IMDBList\IMDBList.csproj", "{383700BB-23D1-4EA7-8B91-ED853E30D12C}"
EndProject
Project("{9A19103F-16F7-4668-BE54-9A1E7A4F7556}") = "TryCatch", "TryCatch\TryCatch.csproj", "{3ACA5C10-DEC4-4D4D-AE0A-0F42231FE0AA}"
EndProject
Project("{9A19103F-16F7-4668-BE54-9A1E7A4F7556}") = "ArabaFabrikasi", "ArabaFabrikasi\ArabaFabrikasi.csproj", "{135F6DAC-01AC-41D5-A34D-028D64CE3D18}"
EndProject
Project("{9A19103F-16F7-4668-BE54-9A1E7A4F7556}") = "OOPOrnek", "OOPOrnek\OOPOrnek.csproj", "{3EAC539A-1979-415B-8DA5-79D271215D06}"
EndProject
Project("{9A19103F-16F7-4668-BE54-9A1E7A4F7556}") = "CanliDers_Sorgular", "CanliDers_Sorgular\CanliDers_Sorgular.csproj", "{AB446A55-D4EB-4E43-9E47-D00A0D449CBF}"
EndProject
Project("{2150E333-8FDC-42A3-9474-1A3956D46DE8}") = "CanliDersSorgular", "CanliDersSorgular", "{DFF741EA-8C41-4881-8A74-B4D2DC0A34EA}"
EndProject
Project("{9A19103F-16F7-4668-BE54-9A1E7A4F7556}") = "DataLib", "DataLib\DataLib.csproj", "{CBDC2F51-70FC-4E28-A88E-AD71B58EE2AD}"
EndProject
Project("{2150E333-8FDC-42A3-9474-1A3956D46DE8}") = "CanliDersVeritabaniBaglanti", "CanliDersVeritabaniBaglanti", "{E2EF5640-AAC6-4E84-9C6D-A53B1275D865}"
EndProject
Project("{9A19103F-16F7-4668-BE54-9A1E7A4F7556}") = "CrudOrnek", "CrudOrnek\CrudOrnek.csproj", "{38EFEB19-D547-4447-83E9-177B374A0075}"
EndProject
Project("{9A19103F-16F7-4668-BE54-9A1E7A4F7556}") = "MovieWorld", "MovieWorld\MovieWorld.csproj", "{E95310A1-492E-4FE5-B51B-2FF5023B9FCD}"
EndProject
Project("{2150E333-8FDC-42A3-9474-1A3956D46DE8}") = "Week7", "Week7", "{C3693943-F5DE-452D-9D48-130EE4B98B60}"
EndProject
Project("{FAE04EC0-301F-11D3-BF4B-00C04F79EFBC}") = "Linq", "Linq\Linq.csproj", "{DED79C0A-8B76-4788-A33F-D268B79B857A}"
EndProject
Global
	GlobalSection(SolutionConfigurationPlatforms) = preSolution
		Debug|Any CPU = Debug|Any CPU
		Release|Any CPU = Release|Any CPU
	EndGlobalSection
	GlobalSection(ProjectConfigurationPlatforms) = postSolution
		{723EA2A5-18B1-4817-9EFE-956CE473147A}.Debug|Any CPU.ActiveCfg = Debug|Any CPU
		{723EA2A5-18B1-4817-9EFE-956CE473147A}.Debug|Any CPU.Build.0 = Debug|Any CPU
		{723EA2A5-18B1-4817-9EFE-956CE473147A}.Release|Any CPU.ActiveCfg = Release|Any CPU
		{723EA2A5-18B1-4817-9EFE-956CE473147A}.Release|Any CPU.Build.0 = Release|Any CPU
		{AED63352-C161-430A-8189-535BA6BCFACF}.Debug|Any CPU.ActiveCfg = Debug|Any CPU
		{AED63352-C161-430A-8189-535BA6BCFACF}.Debug|Any CPU.Build.0 = Debug|Any CPU
		{AED63352-C161-430A-8189-535BA6BCFACF}.Release|Any CPU.ActiveCfg = Release|Any CPU
		{AED63352-C161-430A-8189-535BA6BCFACF}.Release|Any CPU.Build.0 = Release|Any CPU
		{83F2E717-2E82-4EC7-9F56-322E845D900C}.Debug|Any CPU.ActiveCfg = Debug|Any CPU
		{83F2E717-2E82-4EC7-9F56-322E845D900C}.Debug|Any CPU.Build.0 = Debug|Any CPU
		{83F2E717-2E82-4EC7-9F56-322E845D900C}.Release|Any CPU.ActiveCfg = Release|Any CPU
		{83F2E717-2E82-4EC7-9F56-322E845D900C}.Release|Any CPU.Build.0 = Release|Any CPU
		{7790EF93-81AF-4732-AAC0-D37AC7186A50}.Debug|Any CPU.ActiveCfg = Debug|Any CPU
		{7790EF93-81AF-4732-AAC0-D37AC7186A50}.Debug|Any CPU.Build.0 = Debug|Any CPU
		{7790EF93-81AF-4732-AAC0-D37AC7186A50}.Release|Any CPU.ActiveCfg = Release|Any CPU
		{7790EF93-81AF-4732-AAC0-D37AC7186A50}.Release|Any CPU.Build.0 = Release|Any CPU
		{568C2247-B74C-4AFF-AD7C-96BF05952B0A}.Debug|Any CPU.ActiveCfg = Debug|Any CPU
		{568C2247-B74C-4AFF-AD7C-96BF05952B0A}.Debug|Any CPU.Build.0 = Debug|Any CPU
		{568C2247-B74C-4AFF-AD7C-96BF05952B0A}.Release|Any CPU.ActiveCfg = Release|Any CPU
		{568C2247-B74C-4AFF-AD7C-96BF05952B0A}.Release|Any CPU.Build.0 = Release|Any CPU
		{2F650C1F-530C-4E0C-9E5A-B17483B6A75A}.Debug|Any CPU.ActiveCfg = Debug|Any CPU
		{2F650C1F-530C-4E0C-9E5A-B17483B6A75A}.Debug|Any CPU.Build.0 = Debug|Any CPU
		{2F650C1F-530C-4E0C-9E5A-B17483B6A75A}.Release|Any CPU.ActiveCfg = Release|Any CPU
		{2F650C1F-530C-4E0C-9E5A-B17483B6A75A}.Release|Any CPU.Build.0 = Release|Any CPU
		{7F376A73-8B03-498E-A688-7139A4A134F2}.Debug|Any CPU.ActiveCfg = Debug|Any CPU
		{7F376A73-8B03-498E-A688-7139A4A134F2}.Debug|Any CPU.Build.0 = Debug|Any CPU
		{7F376A73-8B03-498E-A688-7139A4A134F2}.Release|Any CPU.ActiveCfg = Release|Any CPU
		{7F376A73-8B03-498E-A688-7139A4A134F2}.Release|Any CPU.Build.0 = Release|Any CPU
		{77601414-6F3B-4F50-BD34-F57A568F2AC2}.Debug|Any CPU.ActiveCfg = Debug|Any CPU
		{77601414-6F3B-4F50-BD34-F57A568F2AC2}.Debug|Any CPU.Build.0 = Debug|Any CPU
		{77601414-6F3B-4F50-BD34-F57A568F2AC2}.Release|Any CPU.ActiveCfg = Release|Any CPU
		{77601414-6F3B-4F50-BD34-F57A568F2AC2}.Release|Any CPU.Build.0 = Release|Any CPU
		{1FEFF475-F7A6-49D1-BC14-2D934300C938}.Debug|Any CPU.ActiveCfg = Debug|Any CPU
		{1FEFF475-F7A6-49D1-BC14-2D934300C938}.Debug|Any CPU.Build.0 = Debug|Any CPU
		{1FEFF475-F7A6-49D1-BC14-2D934300C938}.Release|Any CPU.ActiveCfg = Release|Any CPU
		{1FEFF475-F7A6-49D1-BC14-2D934300C938}.Release|Any CPU.Build.0 = Release|Any CPU
		{2BAAE5B3-1237-4A7F-9D0B-B9E696CC8B6F}.Debug|Any CPU.ActiveCfg = Debug|Any CPU
		{2BAAE5B3-1237-4A7F-9D0B-B9E696CC8B6F}.Debug|Any CPU.Build.0 = Debug|Any CPU
		{2BAAE5B3-1237-4A7F-9D0B-B9E696CC8B6F}.Release|Any CPU.ActiveCfg = Release|Any CPU
		{2BAAE5B3-1237-4A7F-9D0B-B9E696CC8B6F}.Release|Any CPU.Build.0 = Release|Any CPU
		{1685939B-6644-4602-8288-308773867FBE}.Debug|Any CPU.ActiveCfg = Debug|Any CPU
		{1685939B-6644-4602-8288-308773867FBE}.Debug|Any CPU.Build.0 = Debug|Any CPU
		{1685939B-6644-4602-8288-308773867FBE}.Release|Any CPU.ActiveCfg = Release|Any CPU
		{1685939B-6644-4602-8288-308773867FBE}.Release|Any CPU.Build.0 = Release|Any CPU
		{E4956886-BF09-4626-9D65-F5D7E6669E20}.Debug|Any CPU.ActiveCfg = Debug|Any CPU
		{E4956886-BF09-4626-9D65-F5D7E6669E20}.Debug|Any CPU.Build.0 = Debug|Any CPU
		{E4956886-BF09-4626-9D65-F5D7E6669E20}.Release|Any CPU.ActiveCfg = Release|Any CPU
		{E4956886-BF09-4626-9D65-F5D7E6669E20}.Release|Any CPU.Build.0 = Release|Any CPU
		{5EFD4FAE-810D-4EF4-BB4D-E1E6C6523CA9}.Debug|Any CPU.ActiveCfg = Debug|Any CPU
		{5EFD4FAE-810D-4EF4-BB4D-E1E6C6523CA9}.Debug|Any CPU.Build.0 = Debug|Any CPU
		{5EFD4FAE-810D-4EF4-BB4D-E1E6C6523CA9}.Release|Any CPU.ActiveCfg = Release|Any CPU
		{5EFD4FAE-810D-4EF4-BB4D-E1E6C6523CA9}.Release|Any CPU.Build.0 = Release|Any CPU
		{65CE9151-4A75-45E3-AD6D-322AA944461A}.Debug|Any CPU.ActiveCfg = Debug|Any CPU
		{65CE9151-4A75-45E3-AD6D-322AA944461A}.Debug|Any CPU.Build.0 = Debug|Any CPU
		{65CE9151-4A75-45E3-AD6D-322AA944461A}.Release|Any CPU.ActiveCfg = Release|Any CPU
		{65CE9151-4A75-45E3-AD6D-322AA944461A}.Release|Any CPU.Build.0 = Release|Any CPU
		{36991F77-77A1-4767-BA1F-28C85E37E33A}.Debug|Any CPU.ActiveCfg = Debug|Any CPU
		{36991F77-77A1-4767-BA1F-28C85E37E33A}.Debug|Any CPU.Build.0 = Debug|Any CPU
		{36991F77-77A1-4767-BA1F-28C85E37E33A}.Release|Any CPU.ActiveCfg = Release|Any CPU
		{36991F77-77A1-4767-BA1F-28C85E37E33A}.Release|Any CPU.Build.0 = Release|Any CPU
		{9864CCC9-A571-4E42-BE4D-CAC49864F73C}.Debug|Any CPU.ActiveCfg = Debug|Any CPU
		{9864CCC9-A571-4E42-BE4D-CAC49864F73C}.Debug|Any CPU.Build.0 = Debug|Any CPU
		{9864CCC9-A571-4E42-BE4D-CAC49864F73C}.Release|Any CPU.ActiveCfg = Release|Any CPU
		{9864CCC9-A571-4E42-BE4D-CAC49864F73C}.Release|Any CPU.Build.0 = Release|Any CPU
		{8A0BE9E2-28A1-439F-896F-67D2FEA76847}.Debug|Any CPU.ActiveCfg = Debug|Any CPU
		{8A0BE9E2-28A1-439F-896F-67D2FEA76847}.Debug|Any CPU.Build.0 = Debug|Any CPU
		{8A0BE9E2-28A1-439F-896F-67D2FEA76847}.Release|Any CPU.ActiveCfg = Release|Any CPU
		{8A0BE9E2-28A1-439F-896F-67D2FEA76847}.Release|Any CPU.Build.0 = Release|Any CPU
		{A0E1B5A6-E252-4CB5-A491-D506A07F9CF1}.Debug|Any CPU.ActiveCfg = Debug|Any CPU
		{A0E1B5A6-E252-4CB5-A491-D506A07F9CF1}.Debug|Any CPU.Build.0 = Debug|Any CPU
		{A0E1B5A6-E252-4CB5-A491-D506A07F9CF1}.Release|Any CPU.ActiveCfg = Release|Any CPU
		{A0E1B5A6-E252-4CB5-A491-D506A07F9CF1}.Release|Any CPU.Build.0 = Release|Any CPU
		{8570AEEB-240E-4001-A3E2-70B3637B34BD}.Debug|Any CPU.ActiveCfg = Debug|Any CPU
		{8570AEEB-240E-4001-A3E2-70B3637B34BD}.Debug|Any CPU.Build.0 = Debug|Any CPU
		{8570AEEB-240E-4001-A3E2-70B3637B34BD}.Release|Any CPU.ActiveCfg = Release|Any CPU
		{8570AEEB-240E-4001-A3E2-70B3637B34BD}.Release|Any CPU.Build.0 = Release|Any CPU
		{D7AE93C3-150F-4C97-B1B3-5174C5A2B6FF}.Debug|Any CPU.ActiveCfg = Debug|Any CPU
		{D7AE93C3-150F-4C97-B1B3-5174C5A2B6FF}.Debug|Any CPU.Build.0 = Debug|Any CPU
		{D7AE93C3-150F-4C97-B1B3-5174C5A2B6FF}.Release|Any CPU.ActiveCfg = Release|Any CPU
		{D7AE93C3-150F-4C97-B1B3-5174C5A2B6FF}.Release|Any CPU.Build.0 = Release|Any CPU
		{EEF8F039-6BC3-4D6B-925E-F885BEEBAA01}.Debug|Any CPU.ActiveCfg = Debug|Any CPU
		{EEF8F039-6BC3-4D6B-925E-F885BEEBAA01}.Debug|Any CPU.Build.0 = Debug|Any CPU
		{EEF8F039-6BC3-4D6B-925E-F885BEEBAA01}.Release|Any CPU.ActiveCfg = Release|Any CPU
		{EEF8F039-6BC3-4D6B-925E-F885BEEBAA01}.Release|Any CPU.Build.0 = Release|Any CPU
		{52CD2CE9-A939-4634-A389-6629A7DC3D2F}.Debug|Any CPU.ActiveCfg = Debug|Any CPU
		{52CD2CE9-A939-4634-A389-6629A7DC3D2F}.Debug|Any CPU.Build.0 = Debug|Any CPU
		{52CD2CE9-A939-4634-A389-6629A7DC3D2F}.Release|Any CPU.ActiveCfg = Release|Any CPU
		{52CD2CE9-A939-4634-A389-6629A7DC3D2F}.Release|Any CPU.Build.0 = Release|Any CPU
		{C964AEBE-ADEF-4C0C-B204-D4119017EB30}.Debug|Any CPU.ActiveCfg = Debug|Any CPU
		{C964AEBE-ADEF-4C0C-B204-D4119017EB30}.Debug|Any CPU.Build.0 = Debug|Any CPU
		{C964AEBE-ADEF-4C0C-B204-D4119017EB30}.Release|Any CPU.ActiveCfg = Release|Any CPU
		{C964AEBE-ADEF-4C0C-B204-D4119017EB30}.Release|Any CPU.Build.0 = Release|Any CPU
		{0C7B5384-7763-4B57-90F6-4BE271DC341F}.Debug|Any CPU.ActiveCfg = Debug|Any CPU
		{0C7B5384-7763-4B57-90F6-4BE271DC341F}.Debug|Any CPU.Build.0 = Debug|Any CPU
		{0C7B5384-7763-4B57-90F6-4BE271DC341F}.Release|Any CPU.ActiveCfg = Release|Any CPU
		{0C7B5384-7763-4B57-90F6-4BE271DC341F}.Release|Any CPU.Build.0 = Release|Any CPU
		{460DD416-94B1-4396-8F82-55EB449CD87B}.Debug|Any CPU.ActiveCfg = Debug|Any CPU
		{460DD416-94B1-4396-8F82-55EB449CD87B}.Debug|Any CPU.Build.0 = Debug|Any CPU
		{460DD416-94B1-4396-8F82-55EB449CD87B}.Release|Any CPU.ActiveCfg = Release|Any CPU
		{460DD416-94B1-4396-8F82-55EB449CD87B}.Release|Any CPU.Build.0 = Release|Any CPU
		{0E78130F-0672-47DD-B006-896873ED8B91}.Debug|Any CPU.ActiveCfg = Debug|Any CPU
		{0E78130F-0672-47DD-B006-896873ED8B91}.Debug|Any CPU.Build.0 = Debug|Any CPU
		{0E78130F-0672-47DD-B006-896873ED8B91}.Release|Any CPU.ActiveCfg = Release|Any CPU
		{0E78130F-0672-47DD-B006-896873ED8B91}.Release|Any CPU.Build.0 = Release|Any CPU
		{B4BE0F40-7639-478E-9ED7-00417200A8FB}.Debug|Any CPU.ActiveCfg = Debug|Any CPU
		{B4BE0F40-7639-478E-9ED7-00417200A8FB}.Debug|Any CPU.Build.0 = Debug|Any CPU
		{B4BE0F40-7639-478E-9ED7-00417200A8FB}.Release|Any CPU.ActiveCfg = Release|Any CPU
		{B4BE0F40-7639-478E-9ED7-00417200A8FB}.Release|Any CPU.Build.0 = Release|Any CPU
		{406617B7-6B31-42F6-8E55-1F999FEC7874}.Debug|Any CPU.ActiveCfg = Debug|Any CPU
		{406617B7-6B31-42F6-8E55-1F999FEC7874}.Debug|Any CPU.Build.0 = Debug|Any CPU
		{406617B7-6B31-42F6-8E55-1F999FEC7874}.Release|Any CPU.ActiveCfg = Release|Any CPU
		{406617B7-6B31-42F6-8E55-1F999FEC7874}.Release|Any CPU.Build.0 = Release|Any CPU
		{2CA87652-13A9-428A-8031-4599222BFC23}.Debug|Any CPU.ActiveCfg = Debug|Any CPU
		{2CA87652-13A9-428A-8031-4599222BFC23}.Debug|Any CPU.Build.0 = Debug|Any CPU
		{2CA87652-13A9-428A-8031-4599222BFC23}.Release|Any CPU.ActiveCfg = Release|Any CPU
		{2CA87652-13A9-428A-8031-4599222BFC23}.Release|Any CPU.Build.0 = Release|Any CPU
		{BA246DAA-4982-425D-AE1E-86C377C75DAF}.Debug|Any CPU.ActiveCfg = Debug|Any CPU
		{BA246DAA-4982-425D-AE1E-86C377C75DAF}.Debug|Any CPU.Build.0 = Debug|Any CPU
		{BA246DAA-4982-425D-AE1E-86C377C75DAF}.Release|Any CPU.ActiveCfg = Release|Any CPU
		{BA246DAA-4982-425D-AE1E-86C377C75DAF}.Release|Any CPU.Build.0 = Release|Any CPU
		{A7F97B5D-9398-4127-97B7-FF01A8FF975D}.Debug|Any CPU.ActiveCfg = Debug|Any CPU
		{A7F97B5D-9398-4127-97B7-FF01A8FF975D}.Debug|Any CPU.Build.0 = Debug|Any CPU
		{A7F97B5D-9398-4127-97B7-FF01A8FF975D}.Release|Any CPU.ActiveCfg = Release|Any CPU
		{A7F97B5D-9398-4127-97B7-FF01A8FF975D}.Release|Any CPU.Build.0 = Release|Any CPU
		{0C485603-B951-4B91-8959-5B64FB821CCE}.Debug|Any CPU.ActiveCfg = Debug|Any CPU
		{0C485603-B951-4B91-8959-5B64FB821CCE}.Debug|Any CPU.Build.0 = Debug|Any CPU
		{0C485603-B951-4B91-8959-5B64FB821CCE}.Release|Any CPU.ActiveCfg = Release|Any CPU
		{0C485603-B951-4B91-8959-5B64FB821CCE}.Release|Any CPU.Build.0 = Release|Any CPU
		{BAED7484-C9C1-40BA-8505-1AECC811D82B}.Debug|Any CPU.ActiveCfg = Debug|Any CPU
		{BAED7484-C9C1-40BA-8505-1AECC811D82B}.Debug|Any CPU.Build.0 = Debug|Any CPU
		{BAED7484-C9C1-40BA-8505-1AECC811D82B}.Release|Any CPU.ActiveCfg = Release|Any CPU
		{BAED7484-C9C1-40BA-8505-1AECC811D82B}.Release|Any CPU.Build.0 = Release|Any CPU
		{38AAFEA0-4D66-41D8-B884-79BCA4EADBD3}.Debug|Any CPU.ActiveCfg = Debug|Any CPU
		{38AAFEA0-4D66-41D8-B884-79BCA4EADBD3}.Debug|Any CPU.Build.0 = Debug|Any CPU
		{38AAFEA0-4D66-41D8-B884-79BCA4EADBD3}.Release|Any CPU.ActiveCfg = Release|Any CPU
		{38AAFEA0-4D66-41D8-B884-79BCA4EADBD3}.Release|Any CPU.Build.0 = Release|Any CPU
		{9B6E2AE9-77C6-436D-82B1-8382C6B6E445}.Debug|Any CPU.ActiveCfg = Debug|Any CPU
		{9B6E2AE9-77C6-436D-82B1-8382C6B6E445}.Debug|Any CPU.Build.0 = Debug|Any CPU
		{9B6E2AE9-77C6-436D-82B1-8382C6B6E445}.Release|Any CPU.ActiveCfg = Release|Any CPU
		{9B6E2AE9-77C6-436D-82B1-8382C6B6E445}.Release|Any CPU.Build.0 = Release|Any CPU
		{D6F13C1F-30B0-4FE5-8416-5417D12E9C11}.Debug|Any CPU.ActiveCfg = Debug|Any CPU
		{D6F13C1F-30B0-4FE5-8416-5417D12E9C11}.Debug|Any CPU.Build.0 = Debug|Any CPU
		{D6F13C1F-30B0-4FE5-8416-5417D12E9C11}.Release|Any CPU.ActiveCfg = Release|Any CPU
		{D6F13C1F-30B0-4FE5-8416-5417D12E9C11}.Release|Any CPU.Build.0 = Release|Any CPU
		{AEE09613-B5FD-4369-B681-FE72E38DE685}.Debug|Any CPU.ActiveCfg = Debug|Any CPU
		{AEE09613-B5FD-4369-B681-FE72E38DE685}.Debug|Any CPU.Build.0 = Debug|Any CPU
		{AEE09613-B5FD-4369-B681-FE72E38DE685}.Release|Any CPU.ActiveCfg = Release|Any CPU
		{AEE09613-B5FD-4369-B681-FE72E38DE685}.Release|Any CPU.Build.0 = Release|Any CPU
		{1A442F17-2D86-485B-914A-902EE5A65166}.Debug|Any CPU.ActiveCfg = Debug|Any CPU
		{1A442F17-2D86-485B-914A-902EE5A65166}.Debug|Any CPU.Build.0 = Debug|Any CPU
		{1A442F17-2D86-485B-914A-902EE5A65166}.Release|Any CPU.ActiveCfg = Release|Any CPU
		{1A442F17-2D86-485B-914A-902EE5A65166}.Release|Any CPU.Build.0 = Release|Any CPU
		{10908811-998F-4851-A546-D7F064DE2744}.Debug|Any CPU.ActiveCfg = Debug|Any CPU
		{10908811-998F-4851-A546-D7F064DE2744}.Debug|Any CPU.Build.0 = Debug|Any CPU
		{10908811-998F-4851-A546-D7F064DE2744}.Release|Any CPU.ActiveCfg = Release|Any CPU
		{10908811-998F-4851-A546-D7F064DE2744}.Release|Any CPU.Build.0 = Release|Any CPU
		{605F3D5C-1152-48E0-9DD7-4CC7C4972CD2}.Debug|Any CPU.ActiveCfg = Debug|Any CPU
		{605F3D5C-1152-48E0-9DD7-4CC7C4972CD2}.Debug|Any CPU.Build.0 = Debug|Any CPU
		{605F3D5C-1152-48E0-9DD7-4CC7C4972CD2}.Release|Any CPU.ActiveCfg = Release|Any CPU
		{605F3D5C-1152-48E0-9DD7-4CC7C4972CD2}.Release|Any CPU.Build.0 = Release|Any CPU
		{45468178-974B-429B-80D6-199FF2FDAF20}.Debug|Any CPU.ActiveCfg = Debug|Any CPU
		{45468178-974B-429B-80D6-199FF2FDAF20}.Debug|Any CPU.Build.0 = Debug|Any CPU
		{45468178-974B-429B-80D6-199FF2FDAF20}.Release|Any CPU.ActiveCfg = Release|Any CPU
		{45468178-974B-429B-80D6-199FF2FDAF20}.Release|Any CPU.Build.0 = Release|Any CPU
		{D060BB40-F3E6-4119-8682-CABEB2895B21}.Debug|Any CPU.ActiveCfg = Debug|Any CPU
		{D060BB40-F3E6-4119-8682-CABEB2895B21}.Debug|Any CPU.Build.0 = Debug|Any CPU
		{D060BB40-F3E6-4119-8682-CABEB2895B21}.Release|Any CPU.ActiveCfg = Release|Any CPU
		{D060BB40-F3E6-4119-8682-CABEB2895B21}.Release|Any CPU.Build.0 = Release|Any CPU
		{78023D09-E8FF-467B-8BE7-000024BB46FE}.Debug|Any CPU.ActiveCfg = Debug|Any CPU
		{78023D09-E8FF-467B-8BE7-000024BB46FE}.Debug|Any CPU.Build.0 = Debug|Any CPU
		{78023D09-E8FF-467B-8BE7-000024BB46FE}.Release|Any CPU.ActiveCfg = Release|Any CPU
		{78023D09-E8FF-467B-8BE7-000024BB46FE}.Release|Any CPU.Build.0 = Release|Any CPU
		{CED24FDF-D94E-4464-A839-7129BC257800}.Debug|Any CPU.ActiveCfg = Debug|Any CPU
		{CED24FDF-D94E-4464-A839-7129BC257800}.Debug|Any CPU.Build.0 = Debug|Any CPU
		{CED24FDF-D94E-4464-A839-7129BC257800}.Release|Any CPU.ActiveCfg = Release|Any CPU
		{CED24FDF-D94E-4464-A839-7129BC257800}.Release|Any CPU.Build.0 = Release|Any CPU
		{980C16FC-6740-4F0C-AE3A-0089471A53B4}.Debug|Any CPU.ActiveCfg = Debug|Any CPU
		{980C16FC-6740-4F0C-AE3A-0089471A53B4}.Debug|Any CPU.Build.0 = Debug|Any CPU
		{980C16FC-6740-4F0C-AE3A-0089471A53B4}.Release|Any CPU.ActiveCfg = Release|Any CPU
		{980C16FC-6740-4F0C-AE3A-0089471A53B4}.Release|Any CPU.Build.0 = Release|Any CPU
		{AC532F50-79FC-495F-993B-B428172E0429}.Debug|Any CPU.ActiveCfg = Debug|Any CPU
		{AC532F50-79FC-495F-993B-B428172E0429}.Debug|Any CPU.Build.0 = Debug|Any CPU
		{AC532F50-79FC-495F-993B-B428172E0429}.Release|Any CPU.ActiveCfg = Release|Any CPU
		{AC532F50-79FC-495F-993B-B428172E0429}.Release|Any CPU.Build.0 = Release|Any CPU
		{6AF014D6-0E18-4537-B284-17132A3F2AFC}.Debug|Any CPU.ActiveCfg = Debug|Any CPU
		{6AF014D6-0E18-4537-B284-17132A3F2AFC}.Debug|Any CPU.Build.0 = Debug|Any CPU
		{6AF014D6-0E18-4537-B284-17132A3F2AFC}.Release|Any CPU.ActiveCfg = Release|Any CPU
		{6AF014D6-0E18-4537-B284-17132A3F2AFC}.Release|Any CPU.Build.0 = Release|Any CPU
		{383700BB-23D1-4EA7-8B91-ED853E30D12C}.Debug|Any CPU.ActiveCfg = Debug|Any CPU
		{383700BB-23D1-4EA7-8B91-ED853E30D12C}.Debug|Any CPU.Build.0 = Debug|Any CPU
		{383700BB-23D1-4EA7-8B91-ED853E30D12C}.Release|Any CPU.ActiveCfg = Release|Any CPU
		{383700BB-23D1-4EA7-8B91-ED853E30D12C}.Release|Any CPU.Build.0 = Release|Any CPU
		{3ACA5C10-DEC4-4D4D-AE0A-0F42231FE0AA}.Debug|Any CPU.ActiveCfg = Debug|Any CPU
		{3ACA5C10-DEC4-4D4D-AE0A-0F42231FE0AA}.Debug|Any CPU.Build.0 = Debug|Any CPU
		{3ACA5C10-DEC4-4D4D-AE0A-0F42231FE0AA}.Release|Any CPU.ActiveCfg = Release|Any CPU
		{3ACA5C10-DEC4-4D4D-AE0A-0F42231FE0AA}.Release|Any CPU.Build.0 = Release|Any CPU
		{135F6DAC-01AC-41D5-A34D-028D64CE3D18}.Debug|Any CPU.ActiveCfg = Debug|Any CPU
		{135F6DAC-01AC-41D5-A34D-028D64CE3D18}.Debug|Any CPU.Build.0 = Debug|Any CPU
		{135F6DAC-01AC-41D5-A34D-028D64CE3D18}.Release|Any CPU.ActiveCfg = Release|Any CPU
		{135F6DAC-01AC-41D5-A34D-028D64CE3D18}.Release|Any CPU.Build.0 = Release|Any CPU
		{3EAC539A-1979-415B-8DA5-79D271215D06}.Debug|Any CPU.ActiveCfg = Debug|Any CPU
		{3EAC539A-1979-415B-8DA5-79D271215D06}.Debug|Any CPU.Build.0 = Debug|Any CPU
		{3EAC539A-1979-415B-8DA5-79D271215D06}.Release|Any CPU.ActiveCfg = Release|Any CPU
		{3EAC539A-1979-415B-8DA5-79D271215D06}.Release|Any CPU.Build.0 = Release|Any CPU
		{AB446A55-D4EB-4E43-9E47-D00A0D449CBF}.Debug|Any CPU.ActiveCfg = Debug|Any CPU
		{AB446A55-D4EB-4E43-9E47-D00A0D449CBF}.Debug|Any CPU.Build.0 = Debug|Any CPU
		{AB446A55-D4EB-4E43-9E47-D00A0D449CBF}.Release|Any CPU.ActiveCfg = Release|Any CPU
		{AB446A55-D4EB-4E43-9E47-D00A0D449CBF}.Release|Any CPU.Build.0 = Release|Any CPU
		{CBDC2F51-70FC-4E28-A88E-AD71B58EE2AD}.Debug|Any CPU.ActiveCfg = Debug|Any CPU
		{CBDC2F51-70FC-4E28-A88E-AD71B58EE2AD}.Debug|Any CPU.Build.0 = Debug|Any CPU
		{CBDC2F51-70FC-4E28-A88E-AD71B58EE2AD}.Release|Any CPU.ActiveCfg = Release|Any CPU
		{CBDC2F51-70FC-4E28-A88E-AD71B58EE2AD}.Release|Any CPU.Build.0 = Release|Any CPU
		{38EFEB19-D547-4447-83E9-177B374A0075}.Debug|Any CPU.ActiveCfg = Debug|Any CPU
		{38EFEB19-D547-4447-83E9-177B374A0075}.Debug|Any CPU.Build.0 = Debug|Any CPU
		{38EFEB19-D547-4447-83E9-177B374A0075}.Release|Any CPU.ActiveCfg = Release|Any CPU
		{38EFEB19-D547-4447-83E9-177B374A0075}.Release|Any CPU.Build.0 = Release|Any CPU
		{E95310A1-492E-4FE5-B51B-2FF5023B9FCD}.Debug|Any CPU.ActiveCfg = Debug|Any CPU
		{E95310A1-492E-4FE5-B51B-2FF5023B9FCD}.Debug|Any CPU.Build.0 = Debug|Any CPU
		{E95310A1-492E-4FE5-B51B-2FF5023B9FCD}.Release|Any CPU.ActiveCfg = Release|Any CPU
		{E95310A1-492E-4FE5-B51B-2FF5023B9FCD}.Release|Any CPU.Build.0 = Release|Any CPU
		{DED79C0A-8B76-4788-A33F-D268B79B857A}.Debug|Any CPU.ActiveCfg = Debug|Any CPU
		{DED79C0A-8B76-4788-A33F-D268B79B857A}.Debug|Any CPU.Build.0 = Debug|Any CPU
		{DED79C0A-8B76-4788-A33F-D268B79B857A}.Release|Any CPU.ActiveCfg = Release|Any CPU
		{DED79C0A-8B76-4788-A33F-D268B79B857A}.Release|Any CPU.Build.0 = Release|Any CPU
	EndGlobalSection
	GlobalSection(SolutionProperties) = preSolution
		HideSolutionNode = FALSE
	EndGlobalSection
	GlobalSection(NestedProjects) = preSolution
		{AED63352-C161-430A-8189-535BA6BCFACF} = {85B35BDB-41C3-48CD-A5D7-E25D3203C85C}
		{83F2E717-2E82-4EC7-9F56-322E845D900C} = {85B35BDB-41C3-48CD-A5D7-E25D3203C85C}
		{7790EF93-81AF-4732-AAC0-D37AC7186A50} = {85B35BDB-41C3-48CD-A5D7-E25D3203C85C}
		{568C2247-B74C-4AFF-AD7C-96BF05952B0A} = {85B35BDB-41C3-48CD-A5D7-E25D3203C85C}
		{2F650C1F-530C-4E0C-9E5A-B17483B6A75A} = {85B35BDB-41C3-48CD-A5D7-E25D3203C85C}
		{7F376A73-8B03-498E-A688-7139A4A134F2} = {C8F3587F-DD50-44BC-9F78-36011E52C829}
		{77601414-6F3B-4F50-BD34-F57A568F2AC2} = {C8F3587F-DD50-44BC-9F78-36011E52C829}
		{1FEFF475-F7A6-49D1-BC14-2D934300C938} = {C8F3587F-DD50-44BC-9F78-36011E52C829}
		{8A0BE9E2-28A1-439F-896F-67D2FEA76847} = {C8F3587F-DD50-44BC-9F78-36011E52C829}
		{A0E1B5A6-E252-4CB5-A491-D506A07F9CF1} = {C8F3587F-DD50-44BC-9F78-36011E52C829}
		{8570AEEB-240E-4001-A3E2-70B3637B34BD} = {C8F3587F-DD50-44BC-9F78-36011E52C829}
		{D7AE93C3-150F-4C97-B1B3-5174C5A2B6FF} = {C8F3587F-DD50-44BC-9F78-36011E52C829}
		{EEF8F039-6BC3-4D6B-925E-F885BEEBAA01} = {C8F3587F-DD50-44BC-9F78-36011E52C829}
		{52CD2CE9-A939-4634-A389-6629A7DC3D2F} = {C8F3587F-DD50-44BC-9F78-36011E52C829}
		{C964AEBE-ADEF-4C0C-B204-D4119017EB30} = {C8F3587F-DD50-44BC-9F78-36011E52C829}
		{0C7B5384-7763-4B57-90F6-4BE271DC341F} = {C8F3587F-DD50-44BC-9F78-36011E52C829}
		{A9CE4D9A-DD7A-41A7-AE3D-CE977F36D758} = {3DD7598F-1964-4A33-9920-B88B9C10445E}
		{460DD416-94B1-4396-8F82-55EB449CD87B} = {A9CE4D9A-DD7A-41A7-AE3D-CE977F36D758}
		{0E78130F-0672-47DD-B006-896873ED8B91} = {A9CE4D9A-DD7A-41A7-AE3D-CE977F36D758}
		{B4BE0F40-7639-478E-9ED7-00417200A8FB} = {A9CE4D9A-DD7A-41A7-AE3D-CE977F36D758}
		{406617B7-6B31-42F6-8E55-1F999FEC7874} = {A9CE4D9A-DD7A-41A7-AE3D-CE977F36D758}
		{2CA87652-13A9-428A-8031-4599222BFC23} = {3DD7598F-1964-4A33-9920-B88B9C10445E}
		{BA246DAA-4982-425D-AE1E-86C377C75DAF} = {A9CE4D9A-DD7A-41A7-AE3D-CE977F36D758}
		{A7F97B5D-9398-4127-97B7-FF01A8FF975D} = {3DD7598F-1964-4A33-9920-B88B9C10445E}
		{D655B804-FCFE-4BB5-883F-124007746910} = {3DD7598F-1964-4A33-9920-B88B9C10445E}
		{0C485603-B951-4B91-8959-5B64FB821CCE} = {D655B804-FCFE-4BB5-883F-124007746910}
		{BAED7484-C9C1-40BA-8505-1AECC811D82B} = {C3F36CB0-00FD-4BA2-93B3-2E55C158CCAD}
		{38AAFEA0-4D66-41D8-B884-79BCA4EADBD3} = {C3F36CB0-00FD-4BA2-93B3-2E55C158CCAD}
		{9B6E2AE9-77C6-436D-82B1-8382C6B6E445} = {C3F36CB0-00FD-4BA2-93B3-2E55C158CCAD}
		{D6F13C1F-30B0-4FE5-8416-5417D12E9C11} = {C3F36CB0-00FD-4BA2-93B3-2E55C158CCAD}
		{AEE09613-B5FD-4369-B681-FE72E38DE685} = {C3F36CB0-00FD-4BA2-93B3-2E55C158CCAD}
		{1A442F17-2D86-485B-914A-902EE5A65166} = {C3F36CB0-00FD-4BA2-93B3-2E55C158CCAD}
		{10908811-998F-4851-A546-D7F064DE2744} = {C3F36CB0-00FD-4BA2-93B3-2E55C158CCAD}
		{605F3D5C-1152-48E0-9DD7-4CC7C4972CD2} = {C3F36CB0-00FD-4BA2-93B3-2E55C158CCAD}
		{1272D7C2-9461-46C8-B649-EA80F28A0FC0} = {3DD7598F-1964-4A33-9920-B88B9C10445E}
		{45468178-974B-429B-80D6-199FF2FDAF20} = {1272D7C2-9461-46C8-B649-EA80F28A0FC0}
		{D060BB40-F3E6-4119-8682-CABEB2895B21} = {3DD7598F-1964-4A33-9920-B88B9C10445E}
		{78023D09-E8FF-467B-8BE7-000024BB46FE} = {3DD7598F-1964-4A33-9920-B88B9C10445E}
		{CED24FDF-D94E-4464-A839-7129BC257800} = {3DD7598F-1964-4A33-9920-B88B9C10445E}
		{980C16FC-6740-4F0C-AE3A-0089471A53B4} = {0D81C9B7-30A8-4403-974C-00E8EE4E8309}
		{AC532F50-79FC-495F-993B-B428172E0429} = {0D81C9B7-30A8-4403-974C-00E8EE4E8309}
		{6AF014D6-0E18-4537-B284-17132A3F2AFC} = {0D81C9B7-30A8-4403-974C-00E8EE4E8309}
		{383700BB-23D1-4EA7-8B91-ED853E30D12C} = {0D81C9B7-30A8-4403-974C-00E8EE4E8309}
		{3ACA5C10-DEC4-4D4D-AE0A-0F42231FE0AA} = {0D81C9B7-30A8-4403-974C-00E8EE4E8309}
		{135F6DAC-01AC-41D5-A34D-028D64CE3D18} = {0D81C9B7-30A8-4403-974C-00E8EE4E8309}
		{AB446A55-D4EB-4E43-9E47-D00A0D449CBF} = {DFF741EA-8C41-4881-8A74-B4D2DC0A34EA}
		{CBDC2F51-70FC-4E28-A88E-AD71B58EE2AD} = {DFF741EA-8C41-4881-8A74-B4D2DC0A34EA}
		{38EFEB19-D547-4447-83E9-177B374A0075} = {E2EF5640-AAC6-4E84-9C6D-A53B1275D865}
		{E95310A1-492E-4FE5-B51B-2FF5023B9FCD} = {E2EF5640-AAC6-4E84-9C6D-A53B1275D865}
		{DED79C0A-8B76-4788-A33F-D268B79B857A} = {C3693943-F5DE-452D-9D48-130EE4B98B60}
	EndGlobalSection
	GlobalSection(ExtensibilityGlobals) = postSolution
		SolutionGuid = {A80743B2-8389-4954-9CF2-3FBA435C1284}
	EndGlobalSection
EndGlobal
