
Microsoft Visual Studio Solution File, Format Version 12.00
# Visual Studio Version 17
VisualStudioVersion = 17.11.35312.102
MinimumVisualStudioVersion = 10.0.40219.1
Project("{9A19103F-16F7-4668-BE54-9A1E7A4F7556}") = "CanliDers1_CSharpTemelleri", "CanliDers1_CSharpTemelleri\CanliDers1_CSharpTemelleri.csproj", "{723EA2A5-18B1-4817-9EFE-956CE473147A}"
EndProject
Project("{2150E333-8FDC-42A3-9474-1A3956D46DE8}") = "Solution Items", "Solution Items", "{D07F8B37-A216-4B8B-BC9D-34C657C87692}"
	ProjectSection(SolutionItems) = preProject
		README.md = README.md
	EndProjectSection
EndProject
Project("{9A19103F-16F7-4668-BE54-9A1E7A4F7556}") = "Week1_Pratik_Degiskenler", "Pratik_Degiskenler\Week1_Pratik_Degiskenler.csproj", "{AED63352-C161-430A-8189-535BA6BCFACF}"
EndProject
Project("{9A19103F-16F7-4668-BE54-9A1E7A4F7556}") = "Week1_Pratik_If_Else", "Pratik_If_Else\Week1_Pratik_If_Else.csproj", "{83F2E717-2E82-4EC7-9F56-322E845D900C}"
EndProject
Project("{FAE04EC0-301F-11D3-BF4B-00C04F79EFBC}") = "Week1_First_Practice", "Week1_First_Practice\Week1_First_Practice.csproj", "{7790EF93-81AF-4732-AAC0-D37AC7186A50}"
EndProject
Project("{FAE04EC0-301F-11D3-BF4B-00C04F79EFBC}") = "Practise_IfElse&SwitchCase", "Practise_IfElse&SwitchCase\Practise_IfElse&SwitchCase.csproj", "{568C2247-B74C-4AFF-AD7C-96BF05952B0A}"
EndProject
Global
	GlobalSection(SolutionConfigurationPlatforms) = preSolution
		Debug|Any CPU = Debug|Any CPU
		Release|Any CPU = Release|Any CPU
	EndGlobalSection
	GlobalSection(ProjectConfigurationPlatforms) = postSolution
		{723EA2A5-18B1-4817-9EFE-956CE473147A}.Debug|Any CPU.ActiveCfg = Debug|Any CPU
		{723EA2A5-18B1-4817-9EFE-956CE473147A}.Debug|Any CPU.Build.0 = Debug|Any CPU
		{723EA2A5-18B1-4817-9EFE-956CE473147A}.Release|Any CPU.ActiveCfg = Release|Any CPU
		{723EA2A5-18B1-4817-9EFE-956CE473147A}.Release|Any CPU.Build.0 = Release|Any CPU
		{AED63352-C161-430A-8189-535BA6BCFACF}.Debug|Any CPU.ActiveCfg = Debug|Any CPU
		{AED63352-C161-430A-8189-535BA6BCFACF}.Debug|Any CPU.Build.0 = Debug|Any CPU
		{AED63352-C161-430A-8189-535BA6BCFACF}.Release|Any CPU.ActiveCfg = Release|Any CPU
		{AED63352-C161-430A-8189-535BA6BCFACF}.Release|Any CPU.Build.0 = Release|Any CPU
		{83F2E717-2E82-4EC7-9F56-322E845D900C}.Debug|Any CPU.ActiveCfg = Debug|Any CPU
		{83F2E717-2E82-4EC7-9F56-322E845D900C}.Debug|Any CPU.Build.0 = Debug|Any CPU
		{83F2E717-2E82-4EC7-9F56-322E845D900C}.Release|Any CPU.ActiveCfg = Release|Any CPU
		{83F2E717-2E82-4EC7-9F56-322E845D900C}.Release|Any CPU.Build.0 = Release|Any CPU
		{7790EF93-81AF-4732-AAC0-D37AC7186A50}.Debug|Any CPU.ActiveCfg = Debug|Any CPU
		{7790EF93-81AF-4732-AAC0-D37AC7186A50}.Debug|Any CPU.Build.0 = Debug|Any CPU
		{7790EF93-81AF-4732-AAC0-D37AC7186A50}.Release|Any CPU.ActiveCfg = Release|Any CPU
		{7790EF93-81AF-4732-AAC0-D37AC7186A50}.Release|Any CPU.Build.0 = Release|Any CPU
		{568C2247-B74C-4AFF-AD7C-96BF05952B0A}.Debug|Any CPU.ActiveCfg = Debug|Any CPU
		{568C2247-B74C-4AFF-AD7C-96BF05952B0A}.Debug|Any CPU.Build.0 = Debug|Any CPU
		{568C2247-B74C-4AFF-AD7C-96BF05952B0A}.Release|Any CPU.ActiveCfg = Release|Any CPU
		{568C2247-B74C-4AFF-AD7C-96BF05952B0A}.Release|Any CPU.Build.0 = Release|Any CPU
	EndGlobalSection
	GlobalSection(SolutionProperties) = preSolution
		HideSolutionNode = FALSE
	EndGlobalSection
	GlobalSection(ExtensibilityGlobals) = postSolution
		SolutionGuid = {A80743B2-8389-4954-9CF2-3FBA435C1284}
	EndGlobalSection
EndGlobal
